
Microsoft Visual Studio Solution File, Format Version 12.00
# Visual Studio 15
VisualStudioVersion = 15.0.28307.1622
MinimumVisualStudioVersion = 10.0.40219.1
Project("{FAE04EC0-301F-11D3-BF4B-00C04F79EFBC}") = "Tenfold", "Tenfold\Tenfold.csproj", "{29224D78-1C94-4994-9B45-F11A28EE7092}"
EndProject
Project("{FAE04EC0-301F-11D3-BF4B-00C04F79EFBC}") = "Reflx", "Ria\Reflx\Reflx.csproj", "{FF60305A-A48B-4E61-AB32-48ACCA429AD9}"
EndProject
Project("{FAE04EC0-301F-11D3-BF4B-00C04F79EFBC}") = "Nvy", "Ria\Reflx\Nvy\Nvy.csproj", "{D3CE71DF-1CF7-44FA-9B67-EA24168A7AD6}"
EndProject
Project("{FAE04EC0-301F-11D3-BF4B-00C04F79EFBC}") = "Eksmaru", "Ria\Eksmaru\Eksmaru.csproj", "{60BFCDD8-C920-4999-9727-2BE8F3238236}"
EndProject
Project("{FAE04EC0-301F-11D3-BF4B-00C04F79EFBC}") = "Arvy", "Ria\Arvy\Arvy.csproj", "{3A658B44-725F-44A8-A0F0-710E56E99BC6}"
EndProject
Project("{FAE04EC0-301F-11D3-BF4B-00C04F79EFBC}") = "Exy", "Ria\Arvy\Exy\Exy.csproj", "{AED04E87-1239-4184-9572-0E6A860E23A0}"
EndProject
Project("{2150E333-8FDC-42A3-9474-1A3956D46DE8}") = "Common Modules", "Common Modules", "{36A41925-EFA4-45E3-9F1A-2A062F66C030}"
EndProject
Project("{FAE04EC0-301F-11D3-BF4B-00C04F79EFBC}") = "Ria", "Ria\Ria.csproj", "{677002B2-8BA8-4E0A-A03E-1981D4756A37}"
EndProject
Project("{FAE04EC0-301F-11D3-BF4B-00C04F79EFBC}") = "Emi", "Emi\Emi.csproj", "{2851AB33-C4FA-41E1-96CA-925B4DD1A355}"
EndProject
Global
	GlobalSection(SolutionConfigurationPlatforms) = preSolution
		Debug|Any CPU = Debug|Any CPU
		Release|Any CPU = Release|Any CPU
	EndGlobalSection
	GlobalSection(ProjectConfigurationPlatforms) = postSolution
		{29224D78-1C94-4994-9B45-F11A28EE7092}.Debug|Any CPU.ActiveCfg = Debug|Any CPU
		{29224D78-1C94-4994-9B45-F11A28EE7092}.Debug|Any CPU.Build.0 = Debug|Any CPU
		{29224D78-1C94-4994-9B45-F11A28EE7092}.Release|Any CPU.ActiveCfg = Release|Any CPU
		{29224D78-1C94-4994-9B45-F11A28EE7092}.Release|Any CPU.Build.0 = Release|Any CPU
		{FF60305A-A48B-4E61-AB32-48ACCA429AD9}.Debug|Any CPU.ActiveCfg = Debug|Any CPU
		{FF60305A-A48B-4E61-AB32-48ACCA429AD9}.Debug|Any CPU.Build.0 = Debug|Any CPU
		{FF60305A-A48B-4E61-AB32-48ACCA429AD9}.Release|Any CPU.ActiveCfg = Release|Any CPU
		{FF60305A-A48B-4E61-AB32-48ACCA429AD9}.Release|Any CPU.Build.0 = Release|Any CPU
		{D3CE71DF-1CF7-44FA-9B67-EA24168A7AD6}.Debug|Any CPU.ActiveCfg = Debug|Any CPU
		{D3CE71DF-1CF7-44FA-9B67-EA24168A7AD6}.Debug|Any CPU.Build.0 = Debug|Any CPU
		{D3CE71DF-1CF7-44FA-9B67-EA24168A7AD6}.Release|Any CPU.ActiveCfg = Release|Any CPU
		{D3CE71DF-1CF7-44FA-9B67-EA24168A7AD6}.Release|Any CPU.Build.0 = Release|Any CPU
		{60BFCDD8-C920-4999-9727-2BE8F3238236}.Debug|Any CPU.ActiveCfg = Debug|Any CPU
		{60BFCDD8-C920-4999-9727-2BE8F3238236}.Debug|Any CPU.Build.0 = Debug|Any CPU
		{60BFCDD8-C920-4999-9727-2BE8F3238236}.Release|Any CPU.ActiveCfg = Release|Any CPU
		{60BFCDD8-C920-4999-9727-2BE8F3238236}.Release|Any CPU.Build.0 = Release|Any CPU
		{3A658B44-725F-44A8-A0F0-710E56E99BC6}.Debug|Any CPU.ActiveCfg = Debug|Any CPU
		{3A658B44-725F-44A8-A0F0-710E56E99BC6}.Debug|Any CPU.Build.0 = Debug|Any CPU
		{3A658B44-725F-44A8-A0F0-710E56E99BC6}.Release|Any CPU.ActiveCfg = Release|Any CPU
		{3A658B44-725F-44A8-A0F0-710E56E99BC6}.Release|Any CPU.Build.0 = Release|Any CPU
		{AED04E87-1239-4184-9572-0E6A860E23A0}.Debug|Any CPU.ActiveCfg = Debug|Any CPU
		{AED04E87-1239-4184-9572-0E6A860E23A0}.Debug|Any CPU.Build.0 = Debug|Any CPU
		{AED04E87-1239-4184-9572-0E6A860E23A0}.Release|Any CPU.ActiveCfg = Release|Any CPU
		{AED04E87-1239-4184-9572-0E6A860E23A0}.Release|Any CPU.Build.0 = Release|Any CPU
		{677002B2-8BA8-4E0A-A03E-1981D4756A37}.Debug|Any CPU.ActiveCfg = Debug|Any CPU
		{677002B2-8BA8-4E0A-A03E-1981D4756A37}.Debug|Any CPU.Build.0 = Debug|Any CPU
		{677002B2-8BA8-4E0A-A03E-1981D4756A37}.Release|Any CPU.ActiveCfg = Release|Any CPU
		{677002B2-8BA8-4E0A-A03E-1981D4756A37}.Release|Any CPU.Build.0 = Release|Any CPU
		{2851AB33-C4FA-41E1-96CA-925B4DD1A355}.Debug|Any CPU.ActiveCfg = Debug|Any CPU
		{2851AB33-C4FA-41E1-96CA-925B4DD1A355}.Debug|Any CPU.Build.0 = Debug|Any CPU
		{2851AB33-C4FA-41E1-96CA-925B4DD1A355}.Release|Any CPU.ActiveCfg = Release|Any CPU
		{2851AB33-C4FA-41E1-96CA-925B4DD1A355}.Release|Any CPU.Build.0 = Release|Any CPU
	EndGlobalSection
	GlobalSection(SolutionProperties) = preSolution
		HideSolutionNode = FALSE
	EndGlobalSection
	GlobalSection(NestedProjects) = preSolution
		{FF60305A-A48B-4E61-AB32-48ACCA429AD9} = {36A41925-EFA4-45E3-9F1A-2A062F66C030}
		{D3CE71DF-1CF7-44FA-9B67-EA24168A7AD6} = {36A41925-EFA4-45E3-9F1A-2A062F66C030}
		{60BFCDD8-C920-4999-9727-2BE8F3238236} = {36A41925-EFA4-45E3-9F1A-2A062F66C030}
		{3A658B44-725F-44A8-A0F0-710E56E99BC6} = {36A41925-EFA4-45E3-9F1A-2A062F66C030}
		{AED04E87-1239-4184-9572-0E6A860E23A0} = {36A41925-EFA4-45E3-9F1A-2A062F66C030}
		{677002B2-8BA8-4E0A-A03E-1981D4756A37} = {36A41925-EFA4-45E3-9F1A-2A062F66C030}
		{2851AB33-C4FA-41E1-96CA-925B4DD1A355} = {36A41925-EFA4-45E3-9F1A-2A062F66C030}
	EndGlobalSection
	GlobalSection(ExtensibilityGlobals) = postSolution
		SolutionGuid = {FF29EB6C-0C3D-41D5-AC13-570519176643}
	EndGlobalSection
EndGlobal
